
Microsoft Visual Studio Solution File, Format Version 12.00
# Visual Studio Version 17
VisualStudioVersion = 17.11.35312.102
MinimumVisualStudioVersion = 10.0.40219.1
Project("{FAE04EC0-301F-11D3-BF4B-00C04F79EFBC}") = "TECH_FIX_WEBSITE", "TECH_FIX_WEBSITE\TECH_FIX_WEBSITE.csproj", "{975A36C6-E3A4-4AC5-9676-C0757B13FA8C}"
EndProject
Project("{FAE04EC0-301F-11D3-BF4B-00C04F79EFBC}") = "TECH_FIX_APP", "WindowsFormsApp1\TECH_FIX_APP.csproj", "{6D50A7C5-4382-459D-9524-2A177CC90D92}"
EndProject
Global
	GlobalSection(SolutionConfigurationPlatforms) = preSolution
		Debug|Any CPU = Debug|Any CPU
		Release|Any CPU = Release|Any CPU
	EndGlobalSection
	GlobalSection(ProjectConfigurationPlatforms) = postSolution
		{975A36C6-E3A4-4AC5-9676-C0757B13FA8C}.Debug|Any CPU.ActiveCfg = Debug|Any CPU
		{975A36C6-E3A4-4AC5-9676-C0757B13FA8C}.Debug|Any CPU.Build.0 = Debug|Any CPU
		{975A36C6-E3A4-4AC5-9676-C0757B13FA8C}.Release|Any CPU.ActiveCfg = Release|Any CPU
		{975A36C6-E3A4-4AC5-9676-C0757B13FA8C}.Release|Any CPU.Build.0 = Release|Any CPU
		{6D50A7C5-4382-459D-9524-2A177CC90D92}.Debug|Any CPU.ActiveCfg = Debug|Any CPU
		{6D50A7C5-4382-459D-9524-2A177CC90D92}.Debug|Any CPU.Build.0 = Debug|Any CPU
		{6D50A7C5-4382-459D-9524-2A177CC90D92}.Release|Any CPU.ActiveCfg = Release|Any CPU
		{6D50A7C5-4382-459D-9524-2A177CC90D92}.Release|Any CPU.Build.0 = Release|Any CPU
	EndGlobalSection
	GlobalSection(SolutionProperties) = preSolution
		HideSolutionNode = FALSE
	EndGlobalSection
	GlobalSection(ExtensibilityGlobals) = postSolution
		SolutionGuid = {B14D73A3-22B6-434B-A47E-2654E4F7593B}
	EndGlobalSection
EndGlobal
